// !$*UTF8*$!
{
	archiveVersion = 1;
	classes = {
	};
	objectVersion = 77;
	objects = {

/* Begin PBXBuildFile section */
		33713AA82FEDD28900ED6625 /* iOSApp3.swift in Sources */ = {isa = PBXBuildFile; fileRef = 33713AA72FEDD28900ED6625 /* iOSApp3.swift */; };
		33713AA92FEDD44800ED6625 /* ContentView.swift in Sources */ = {isa = PBXBuildFile; fileRef = 33713AA42FEDD07600ED6625 /* ContentView.swift */; };
		33713AAB2FEDEBF600ED6625 /* Assets.xcassets in Resources */ = {isa = PBXBuildFile; fileRef = 339A7CC12FED91D900BE5BA2 /* Assets.xcassets */; };
		33713AAC2FEDEF9D00ED6625 /* APIService.swift in Sources */ = {isa = PBXBuildFile; fileRef = 33713A9E2FEDD07600ED6625 /* APIService.swift */; };
		339A7CFB2FED932200BE5BA2 /* ArtworkDetailView.swift in Sources */ = {isa = PBXBuildFile; fileRef = 339A7CF22FED92E400BE5BA2 /* ArtworkDetailView.swift */; };
		339A7CFC2FED932900BE5BA2 /* ArtworkListView.swift in Sources */ = {isa = PBXBuildFile; fileRef = 339A7CF32FED92E400BE5BA2 /* ArtworkListView.swift */; };
		339A7CFD2FED933200BE5BA2 /* HomeView.swift in Sources */ = {isa = PBXBuildFile; fileRef = 339A7CF42FED92E400BE5BA2 /* HomeView.swift */; };
		339A7CFE2FED934D00BE5BA2 /* LaunchScreenView.swift in Sources */ = {isa = PBXBuildFile; fileRef = 339A7CF52FED92E400BE5BA2 /* LaunchScreenView.swift */; };
		339A7CFF2FED935400BE5BA2 /* LearningResources.swift in Sources */ = {isa = PBXBuildFile; fileRef = 339A7CF62FED92E400BE5BA2 /* LearningResources.swift */; };
		339A7D002FED935A00BE5BA2 /* MapView.swift in Sources */ = {isa = PBXBuildFile; fileRef = 339A7CF72FED92E400BE5BA2 /* MapView.swift */; };
		339A7D012FED936100BE5BA2 /* VenueDetailView.swift in Sources */ = {isa = PBXBuildFile; fileRef = 339A7CF82FED92E400BE5BA2 /* VenueDetailView.swift */; };
		339A7D022FED936B00BE5BA2 /* VenueListView.swift in Sources */ = {isa = PBXBuildFile; fileRef = 339A7CF92FED92E400BE5BA2 /* VenueListView.swift */; };
		339A7D052FED938400BE5BA2 /* Artwork.swift in Sources */ = {isa = PBXBuildFile; fileRef = 339A7CD12FED922D00BE5BA2 /* Artwork.swift */; };
		339A7D062FED938B00BE5BA2 /* Resource.swift in Sources */ = {isa = PBXBuildFile; fileRef = 339A7CD22FED922D00BE5BA2 /* Resource.swift */; };
		339A7D072FED939500BE5BA2 /* Venue.swift in Sources */ = {isa = PBXBuildFile; fileRef = 339A7CD32FED922D00BE5BA2 /* Venue.swift */; };
/* End PBXBuildFile section */

/* Begin PBXFileReference section */
		33713A9E2FEDD07600ED6625 /* APIService.swift */ = {isa = PBXFileReference; lastKnownFileType = sourcecode.swift; path = APIService.swift; sourceTree = "<group>"; };
		33713A9F2FEDD07600ED6625 /* LocationManager.swift */ = {isa = PBXFileReference; lastKnownFileType = sourcecode.swift; path = LocationManager.swift; sourceTree = "<group>"; };
		33713AA42FEDD07600ED6625 /* ContentView.swift */ = {isa = PBXFileReference; lastKnownFileType = sourcecode.swift; path = ContentView.swift; sourceTree = "<group>"; };
		33713AA72FEDD28900ED6625 /* iOSApp3.swift */ = {isa = PBXFileReference; lastKnownFileType = sourcecode.swift; path = iOSApp3.swift; sourceTree = "<group>"; };
		33713AAA2FEDD89400ED6625 /* Info.plist */ = {isa = PBXFileReference; lastKnownFileType = text.plist; path = Info.plist; sourceTree = "<group>"; };
		339A7CB32FED911E00BE5BA2 /* iOSApp3.app */ = {isa = PBXFileReference; explicitFileType = wrapper.application; includeInIndex = 0; path = iOSApp3.app; sourceTree = BUILT_PRODUCTS_DIR; };
		339A7CC12FED91D900BE5BA2 /* Assets.xcassets */ = {isa = PBXFileReference; lastKnownFileType = folder.assetcatalog; path = Assets.xcassets; sourceTree = "<group>"; };
		339A7CD12FED922D00BE5BA2 /* Artwork.swift */ = {isa = PBXFileReference; lastKnownFileType = sourcecode.swift; path = Artwork.swift; sourceTree = "<group>"; };
		339A7CD22FED922D00BE5BA2 /* Resource.swift */ = {isa = PBXFileReference; lastKnownFileType = sourcecode.swift; path = Resource.swift; sourceTree = "<group>"; };
		339A7CD32FED922D00BE5BA2 /* Venue.swift */ = {isa = PBXFileReference; lastKnownFileType = sourcecode.swift; path = Venue.swift; sourceTree = "<group>"; };
		339A7CE12FED925300BE5BA2 /* LICENSE */ = {isa = PBXFileReference; lastKnownFileType = text; path = LICENSE; sourceTree = "<group>"; };
		339A7CE22FED926200BE5BA2 /* README.md */ = {isa = PBXFileReference; lastKnownFileType = net.daringfireball.markdown; path = README.md; sourceTree = "<group>"; };
		339A7CF22FED92E400BE5BA2 /* ArtworkDetailView.swift */ = {isa = PBXFileReference; lastKnownFileType = sourcecode.swift; path = ArtworkDetailView.swift; sourceTree = "<group>"; };
		339A7CF32FED92E400BE5BA2 /* ArtworkListView.swift */ = {isa = PBXFileReference; lastKnownFileType = sourcecode.swift; path = ArtworkListView.swift; sourceTree = "<group>"; };
		339A7CF42FED92E400BE5BA2 /* HomeView.swift */ = {isa = PBXFileReference; lastKnownFileType = sourcecode.swift; path = HomeView.swift; sourceTree = "<group>"; };
		339A7CF52FED92E400BE5BA2 /* LaunchScreenView.swift */ = {isa = PBXFileReference; lastKnownFileType = sourcecode.swift; path = LaunchScreenView.swift; sourceTree = "<group>"; };
		339A7CF62FED92E400BE5BA2 /* LearningResources.swift */ = {isa = PBXFileReference; lastKnownFileType = sourcecode.swift; path = LearningResources.swift; sourceTree = "<group>"; };
		339A7CF72FED92E400BE5BA2 /* MapView.swift */ = {isa = PBXFileReference; lastKnownFileType = sourcecode.swift; path = MapView.swift; sourceTree = "<group>"; };
		339A7CF82FED92E400BE5BA2 /* VenueDetailView.swift */ = {isa = PBXFileReference; lastKnownFileType = sourcecode.swift; path = VenueDetailView.swift; sourceTree = "<group>"; };
		339A7CF92FED92E400BE5BA2 /* VenueListView.swift */ = {isa = PBXFileReference; lastKnownFileType = sourcecode.swift; path = VenueListView.swift; sourceTree = "<group>"; };
/* End PBXFileReference section */

/* Begin PBXFrameworksBuildPhase section */
		339A7CB02FED911E00BE5BA2 /* Frameworks */ = {
			isa = PBXFrameworksBuildPhase;
			buildActionMask = 2147483647;
			files = (
			);
			runOnlyForDeploymentPostprocessing = 0;
		};
/* End PBXFrameworksBuildPhase section */

/* Begin PBXGroup section */
		33713AA02FEDD07600ED6625 /* Services */ = {
			isa = PBXGroup;
			children = (
				33713A9E2FEDD07600ED6625 /* APIService.swift */,
				33713A9F2FEDD07600ED6625 /* LocationManager.swift */,
			);
			path = Services;
			sourceTree = "<group>";
		};
		33713AA62FEDD07600ED6625 /* iOSApp3 */ = {
			isa = PBXGroup;
			children = (
				33713AAA2FEDD89400ED6625 /* Info.plist */,
				33713AA02FEDD07600ED6625 /* Services */,
				33713AA42FEDD07600ED6625 /* ContentView.swift */,
				33713AA72FEDD28900ED6625 /* iOSApp3.swift */,
			);
			path = iOSApp3;
			sourceTree = "<group>";
		};
		339A7CAA2FED911E00BE5BA2 = {
			isa = PBXGroup;
			children = (
				339A7CFA2FED92E400BE5BA2 /* Views */,
				339A7CE22FED926200BE5BA2 /* README.md */,
				339A7CE12FED925300BE5BA2 /* LICENSE */,
				339A7CF92FED92E400BE5BA2 /* VenueListView.swift */,
				339A7CD42FED922D00BE5BA2 /* Models */,
				339A7CC12FED91D900BE5BA2 /* Assets.xcassets */,
				33713AA62FEDD07600ED6625 /* iOSApp3 */,
				339A7CB42FED911E00BE5BA2 /* Products */,
			);
			sourceTree = "<group>";
		};
		339A7CB42FED911E00BE5BA2 /* Products */ = {
			isa = PBXGroup;
			children = (
				339A7CB32FED911E00BE5BA2 /* iOSApp3.app */,
			);
			name = Products;
			sourceTree = "<group>";
		};
		339A7CD42FED922D00BE5BA2 /* Models */ = {
			isa = PBXGroup;
			children = (
				339A7CD12FED922D00BE5BA2 /* Artwork.swift */,
				339A7CD22FED922D00BE5BA2 /* Resource.swift */,
				339A7CD32FED922D00BE5BA2 /* Venue.swift */,
			);
			path = Models;
			sourceTree = "<group>";
		};
		339A7CFA2FED92E400BE5BA2 /* Views */ = {
			isa = PBXGroup;
			children = (
				339A7CF22FED92E400BE5BA2 /* ArtworkDetailView.swift */,
				339A7CF32FED92E400BE5BA2 /* ArtworkListView.swift */,
				339A7CF42FED92E400BE5BA2 /* HomeView.swift */,
				339A7CF52FED92E400BE5BA2 /* LaunchScreenView.swift */,
				339A7CF62FED92E400BE5BA2 /* LearningResources.swift */,
				339A7CF72FED92E400BE5BA2 /* MapView.swift */,
				339A7CF82FED92E400BE5BA2 /* VenueDetailView.swift */,
			);
			path = Views;
			sourceTree = "<group>";
		};
/* End PBXGroup section */

/* Begin PBXNativeTarget section */
		339A7CB22FED911E00BE5BA2 /* iOSApp3 */ = {
			isa = PBXNativeTarget;
			buildConfigurationList = 339A7CBE2FED912000BE5BA2 /* Build configuration list for PBXNativeTarget "iOSApp3" */;
			buildPhases = (
				339A7CAF2FED911E00BE5BA2 /* Sources */,
				339A7CB02FED911E00BE5BA2 /* Frameworks */,
				339A7CB12FED911E00BE5BA2 /* Resources */,
			);
			buildRules = (
			);
			dependencies = (
			);
			name = iOSApp3;
			packageProductDependencies = (
			);
			productName = iOSApp3;
			productReference = 339A7CB32FED911E00BE5BA2 /* iOSApp3.app */;
			productType = "com.apple.product-type.application";
		};
/* End PBXNativeTarget section */

/* Begin PBXProject section */
		339A7CAB2FED911E00BE5BA2 /* Project object */ = {
			isa = PBXProject;
			attributes = {
				BuildIndependentTargetsInParallel = 1;
				LastSwiftUpdateCheck = 2640;
				LastUpgradeCheck = 2640;
				TargetAttributes = {
					339A7CB22FED911E00BE5BA2 = {
						CreatedOnToolsVersion = 26.4.1;
					};
				};
			};
			buildConfigurationList = 339A7CAE2FED911E00BE5BA2 /* Build configuration list for PBXProject "iOSApp3" */;
			developmentRegion = en;
			hasScannedForEncodings = 0;
			knownRegions = (
				en,
				Base,
			);
			mainGroup = 339A7CAA2FED911E00BE5BA2;
			minimizedProjectReferenceProxies = 1;
			preferredProjectObjectVersion = 77;
			productRefGroup = 339A7CB42FED911E00BE5BA2 /* Products */;
			projectDirPath = "";
			projectRoot = "";
			targets = (
				339A7CB22FED911E00BE5BA2 /* iOSApp3 */,
			);
		};
/* End PBXProject section */

/* Begin PBXResourcesBuildPhase section */
		339A7CB12FED911E00BE5BA2 /* Resources */ = {
			isa = PBXResourcesBuildPhase;
			buildActionMask = 2147483647;
			files = (
				33713AAB2FEDEBF600ED6625 /* Assets.xcassets in Resources */,
			);
			runOnlyForDeploymentPostprocessing = 0;
		};
/* End PBXResourcesBuildPhase section */

/* Begin PBXSourcesBuildPhase section */
		339A7CAF2FED911E00BE5BA2 /* Sources */ = {
			isa = PBXSourcesBuildPhase;
			buildActionMask = 2147483647;
			files = (
				339A7D022FED936B00BE5BA2 /* VenueListView.swift in Sources */,
				339A7D052FED938400BE5BA2 /* Artwork.swift in Sources */,
				339A7D012FED936100BE5BA2 /* VenueDetailView.swift in Sources */,
				339A7CFF2FED935400BE5BA2 /* LearningResources.swift in Sources */,
				339A7D002FED935A00BE5BA2 /* MapView.swift in Sources */,
				339A7CFD2FED933200BE5BA2 /* HomeView.swift in Sources */,
				339A7CFB2FED932200BE5BA2 /* ArtworkDetailView.swift in Sources */,
				339A7CFC2FED932900BE5BA2 /* ArtworkListView.swift in Sources */,
				33713AAC2FEDEF9D00ED6625 /* APIService.swift in Sources */,
				339A7D062FED938B00BE5BA2 /* Resource.swift in Sources */,
				339A7D072FED939500BE5BA2 /* Venue.swift in Sources */,
				33713AA92FEDD44800ED6625 /* ContentView.swift in Sources */,
				339A7CFE2FED934D00BE5BA2 /* LaunchScreenView.swift in Sources */,
				33713AA82FEDD28900ED6625 /* iOSApp3.swift in Sources */,
			);
			runOnlyForDeploymentPostprocessing = 0;
		};
/* End PBXSourcesBuildPhase section */

/* Begin XCBuildConfiguration section */
		339A7CBC2FED912000BE5BA2 /* Debug */ = {
			isa = XCBuildConfiguration;
			buildSettings = {
				ALWAYS_SEARCH_USER_PATHS = NO;
				ASSETCATALOG_COMPILER_GENERATE_SWIFT_ASSET_SYMBOL_EXTENSIONS = YES;
				CLANG_ANALYZER_NONNULL = YES;
				CLANG_ANALYZER_NUMBER_OBJECT_CONVERSION = YES_AGGRESSIVE;
				CLANG_CXX_LANGUAGE_STANDARD = "gnu++20";
				CLANG_ENABLE_MODULES = YES;
				CLANG_ENABLE_OBJC_ARC = YES;
				CLANG_ENABLE_OBJC_WEAK = YES;
				CLANG_WARN_BLOCK_CAPTURE_AUTORELEASING = YES;
				CLANG_WARN_BOOL_CONVERSION = YES;
				CLANG_WARN_COMMA = YES;
				CLANG_WARN_CONSTANT_CONVERSION = YES;
				CLANG_WARN_DEPRECATED_OBJC_IMPLEMENTATIONS = YES;
				CLANG_WARN_DIRECT_OBJC_ISA_USAGE = YES_ERROR;
				CLANG_WARN_DOCUMENTATION_COMMENTS = YES;
				CLANG_WARN_EMPTY_BODY = YES;
				CLANG_WARN_ENUM_CONVERSION = YES;
				CLANG_WARN_INFINITE_RECURSION = YES;
				CLANG_WARN_INT_CONVERSION = YES;
				CLANG_WARN_NON_LITERAL_NULL_CONVERSION = YES;
				CLANG_WARN_OBJC_IMPLICIT_RETAIN_SELF = YES;
				CLANG_WARN_OBJC_LITERAL_CONVERSION = YES;
				CLANG_WARN_OBJC_ROOT_CLASS = YES_ERROR;
				CLANG_WARN_QUOTED_INCLUDE_IN_FRAMEWORK_HEADER = YES;
				CLANG_WARN_RANGE_LOOP_ANALYSIS = YES;
				CLANG_WARN_STRICT_PROTOTYPES = YES;
				CLANG_WARN_SUSPICIOUS_MOVE = YES;
				CLANG_WARN_UNGUARDED_AVAILABILITY = YES_AGGRESSIVE;
				CLANG_WARN_UNREACHABLE_CODE = YES;
				CLANG_WARN__DUPLICATE_METHOD_MATCH = YES;
				COPY_PHASE_STRIP = NO;
				DEBUG_INFORMATION_FORMAT = dwarf;
				ENABLE_STRICT_OBJC_MSGSEND = YES;
				ENABLE_TESTABILITY = YES;
				ENABLE_USER_SCRIPT_SANDBOXING = YES;
				GCC_C_LANGUAGE_STANDARD = gnu17;
				GCC_DYNAMIC_NO_PIC = NO;
				GCC_NO_COMMON_BLOCKS = YES;
				GCC_OPTIMIZATION_LEVEL = 0;
				GCC_PREPROCESSOR_DEFINITIONS = (
					"DEBUG=1",
					"$(inherited)",
				);
				GCC_WARN_64_TO_32_BIT_CONVERSION = YES;
				GCC_WARN_ABOUT_RETURN_TYPE = YES_ERROR;
				GCC_WARN_UNDECLARED_SELECTOR = YES;
				GCC_WARN_UNINITIALIZED_AUTOS = YES_AGGRESSIVE;
				GCC_WARN_UNUSED_FUNCTION = YES;
				GCC_WARN_UNUSED_VARIABLE = YES;
				IPHONEOS_DEPLOYMENT_TARGET = 26.4;
				LOCALIZATION_PREFERS_STRING_CATALOGS = YES;
				MTL_ENABLE_DEBUG_INFO = INCLUDE_SOURCE;
				MTL_FAST_MATH = YES;
				ONLY_ACTIVE_ARCH = YES;
				SDKROOT = iphoneos;
				SWIFT_ACTIVE_COMPILATION_CONDITIONS = "DEBUG $(inherited)";
				SWIFT_OPTIMIZATION_LEVEL = "-Onone";
			};
			name = Debug;
		};
		339A7CBD2FED912000BE5BA2 /* Release */ = {
			isa = XCBuildConfiguration;
			buildSettings = {
				ALWAYS_SEARCH_USER_PATHS = NO;
				ASSETCATALOG_COMPILER_GENERATE_SWIFT_ASSET_SYMBOL_EXTENSIONS = YES;
				CLANG_ANALYZER_NONNULL = YES;
				CLANG_ANALYZER_NUMBER_OBJECT_CONVERSION = YES_AGGRESSIVE;
				CLANG_CXX_LANGUAGE_STANDARD = "gnu++20";
				CLANG_ENABLE_MODULES = YES;
				CLANG_ENABLE_OBJC_ARC = YES;
				CLANG_ENABLE_OBJC_WEAK = YES;
				CLANG_WARN_BLOCK_CAPTURE_AUTORELEASING = YES;
				CLANG_WARN_BOOL_CONVERSION = YES;
				CLANG_WARN_COMMA = YES;
				CLANG_WARN_CONSTANT_CONVERSION = YES;
				CLANG_WARN_DEPRECATED_OBJC_IMPLEMENTATIONS = YES;
				CLANG_WARN_DIRECT_OBJC_ISA_USAGE = YES_ERROR;
				CLANG_WARN_DOCUMENTATION_COMMENTS = YES;
				CLANG_WARN_EMPTY_BODY = YES;
				CLANG_WARN_ENUM_CONVERSION = YES;
				CLANG_WARN_INFINITE_RECURSION = YES;
				CLANG_WARN_INT_CONVERSION = YES;
				CLANG_WARN_NON_LITERAL_NULL_CONVERSION = YES;
				CLANG_WARN_OBJC_IMPLICIT_RETAIN_SELF = YES;
				CLANG_WARN_OBJC_LITERAL_CONVERSION = YES;
				CLANG_WARN_OBJC_ROOT_CLASS = YES_ERROR;
				CLANG_WARN_QUOTED_INCLUDE_IN_FRAMEWORK_HEADER = YES;
				CLANG_WARN_RANGE_LOOP_ANALYSIS = YES;
				CLANG_WARN_STRICT_PROTOTYPES = YES;
				CLANG_WARN_SUSPICIOUS_MOVE = YES;
				CLANG_WARN_UNGUARDED_AVAILABILITY = YES_AGGRESSIVE;
				CLANG_WARN_UNREACHABLE_CODE = YES;
				CLANG_WARN__DUPLICATE_METHOD_MATCH = YES;
				COPY_PHASE_STRIP = NO;
				DEBUG_INFORMATION_FORMAT = "dwarf-with-dsym";
				ENABLE_NS_ASSERTIONS = NO;
				ENABLE_STRICT_OBJC_MSGSEND = YES;
				ENABLE_USER_SCRIPT_SANDBOXING = YES;
				GCC_C_LANGUAGE_STANDARD = gnu17;
				GCC_NO_COMMON_BLOCKS = YES;
				GCC_WARN_64_TO_32_BIT_CONVERSION = YES;
				GCC_WARN_ABOUT_RETURN_TYPE = YES_ERROR;
				GCC_WARN_UNDECLARED_SELECTOR = YES;
				GCC_WARN_UNINITIALIZED_AUTOS = YES_AGGRESSIVE;
				GCC_WARN_UNUSED_FUNCTION = YES;
				GCC_WARN_UNUSED_VARIABLE = YES;
				IPHONEOS_DEPLOYMENT_TARGET = 26.4;
				LOCALIZATION_PREFERS_STRING_CATALOGS = YES;
				MTL_ENABLE_DEBUG_INFO = NO;
				MTL_FAST_MATH = YES;
				SDKROOT = iphoneos;
				SWIFT_COMPILATION_MODE = wholemodule;
				VALIDATE_PRODUCT = YES;
			};
			name = Release;
		};
		339A7CBF2FED912000BE5BA2 /* Debug */ = {
			isa = XCBuildConfiguration;
			buildSettings = {
				ASSETCATALOG_COMPILER_APPICON_NAME = AppIcon;
				ASSETCATALOG_COMPILER_GLOBAL_ACCENT_COLOR_NAME = AccentColor;
				CODE_SIGN_STYLE = Automatic;
				CURRENT_PROJECT_VERSION = 1;
				ENABLE_PREVIEWS = YES;
				GENERATE_INFOPLIST_FILE = YES;
				INFOPLIST_FILE = iOSApp3/Info.plist;
				INFOPLIST_KEY_UIApplicationSceneManifest_Generation = YES;
				INFOPLIST_KEY_UIApplicationSupportsIndirectInputEvents = YES;
				INFOPLIST_KEY_UILaunchScreen_Generation = YES;
				INFOPLIST_KEY_UISupportedInterfaceOrientations_iPad = "UIInterfaceOrientationPortrait UIInterfaceOrientationPortraitUpsideDown UIInterfaceOrientationLandscapeLeft UIInterfaceOrientationLandscapeRight";
				INFOPLIST_KEY_UISupportedInterfaceOrientations_iPhone = "UIInterfaceOrientationPortrait UIInterfaceOrientationLandscapeLeft UIInterfaceOrientationLandscapeRight";
				LD_RUNPATH_SEARCH_PATHS = (
					"$(inherited)",
					"@executable_path/Frameworks",
				);
				MARKETING_VERSION = 1.0;
				PRODUCT_BUNDLE_IDENTIFIER = "com.eveningclass-026.iOSApp3";
				PRODUCT_NAME = "$(TARGET_NAME)";
				STRING_CATALOG_GENERATE_SYMBOLS = YES;
				SWIFT_APPROACHABLE_CONCURRENCY = YES;
				SWIFT_DEFAULT_ACTOR_ISOLATION = MainActor;
				SWIFT_EMIT_LOC_STRINGS = YES;
				SWIFT_UPCOMING_FEATURE_MEMBER_IMPORT_VISIBILITY = YES;
				SWIFT_VERSION = 5.0;
				TARGETED_DEVICE_FAMILY = "1,2";
			};
			name = Debug;
		};
		339A7CC02FED912000BE5BA2 /* Release */ = {
			isa = XCBuildConfiguration;
			buildSettings = {
				ASSETCATALOG_COMPILER_APPICON_NAME = AppIcon;
				ASSETCATALOG_COMPILER_GLOBAL_ACCENT_COLOR_NAME = AccentColor;
				CODE_SIGN_STYLE = Automatic;
				CURRENT_PROJECT_VERSION = 1;
				ENABLE_PREVIEWS = YES;
				GENERATE_INFOPLIST_FILE = YES;
				INFOPLIST_FILE = iOSApp3/Info.plist;
				INFOPLIST_KEY_UIApplicationSceneManifest_Generation = YES;
				INFOPLIST_KEY_UIApplicationSupportsIndirectInputEvents = YES;
				INFOPLIST_KEY_UILaunchScreen_Generation = YES;
				INFOPLIST_KEY_UISupportedInterfaceOrientations_iPad = "UIInterfaceOrientationPortrait UIInterfaceOrientationPortraitUpsideDown UIInterfaceOrientationLandscapeLeft UIInterfaceOrientationLandscapeRight";
				INFOPLIST_KEY_UISupportedInterfaceOrientations_iPhone = "UIInterfaceOrientationPortrait UIInterfaceOrientationLandscapeLeft UIInterfaceOrientationLandscapeRight";
				LD_RUNPATH_SEARCH_PATHS = (
					"$(inherited)",
					"@executable_path/Frameworks",
				);
				MARKETING_VERSION = 1.0;
				PRODUCT_BUNDLE_IDENTIFIER = "com.eveningclass-026.iOSApp3";
				PRODUCT_NAME = "$(TARGET_NAME)";
				STRING_CATALOG_GENERATE_SYMBOLS = YES;
				SWIFT_APPROACHABLE_CONCURRENCY = YES;
				SWIFT_DEFAULT_ACTOR_ISOLATION = MainActor;
				SWIFT_EMIT_LOC_STRINGS = YES;
				SWIFT_UPCOMING_FEATURE_MEMBER_IMPORT_VISIBILITY = YES;
				SWIFT_VERSION = 5.0;
				TARGETED_DEVICE_FAMILY = "1,2";
			};
			name = Release;
		};
/* End XCBuildConfiguration section */

/* Begin XCConfigurationList section */
		339A7CAE2FED911E00BE5BA2 /* Build configuration list for PBXProject "iOSApp3" */ = {
			isa = XCConfigurationList;
			buildConfigurations = (
				339A7CBC2FED912000BE5BA2 /* Debug */,
				339A7CBD2FED912000BE5BA2 /* Release */,
			);
			defaultConfigurationIsVisible = 0;
			defaultConfigurationName = Release;
		};
		339A7CBE2FED912000BE5BA2 /* Build configuration list for PBXNativeTarget "iOSApp3" */ = {
			isa = XCConfigurationList;
			buildConfigurations = (
				339A7CBF2FED912000BE5BA2 /* Debug */,
				339A7CC02FED912000BE5BA2 /* Release */,
			);
			defaultConfigurationIsVisible = 0;
			defaultConfigurationName = Release;
		};
/* End XCConfigurationList section */
	};
	rootObject = 339A7CAB2FED911E00BE5BA2 /* Project object */;
}
